
Microsoft Visual Studio Solution File, Format Version 12.00
# Visual Studio 15
VisualStudioVersion = 15.0.28307.757
MinimumVisualStudioVersion = 10.0.40219.1
Project("{FAE04EC0-301F-11D3-BF4B-00C04F79EFBC}") = "Global_Chat", "Global_Chat\Global_Chat.csproj", "{EDB320AD-4533-43EE-AD76-8B13723E662C}"
EndProject
Global
	GlobalSection(SolutionConfigurationPlatforms) = preSolution
		Debug|Any CPU = Debug|Any CPU
		Release|Any CPU = Release|Any CPU
	EndGlobalSection
	GlobalSection(ProjectConfigurationPlatforms) = postSolution
		{EDB320AD-4533-43EE-AD76-8B13723E662C}.Debug|Any CPU.ActiveCfg = Debug|Any CPU
		{EDB320AD-4533-43EE-AD76-8B13723E662C}.Debug|Any CPU.Build.0 = Debug|Any CPU
		{EDB320AD-4533-43EE-AD76-8B13723E662C}.Release|Any CPU.ActiveCfg = Release|Any CPU
		{EDB320AD-4533-43EE-AD76-8B13723E662C}.Release|Any CPU.Build.0 = Release|Any CPU
	EndGlobalSection
	GlobalSection(SolutionProperties) = preSolution
		HideSolutionNode = FALSE
	EndGlobalSection
	GlobalSection(ExtensibilityGlobals) = postSolution
		SolutionGuid = {482F8A40-D9A7-4725-B355-76B851AFFA51}
	EndGlobalSection
EndGlobal
